// !$*UTF8*$!
{
	archiveVersion = 1;
	classes = {
	};
	objectVersion = 55;
	objects = {

/* Begin PBXBuildFile section */
		BE4D3E2128AD9A7800D8FE2B /* ApodService.swift in Sources */ = {isa = PBXBuildFile; fileRef = BE4D3E2028AD9A7800D8FE2B /* ApodService.swift */; };
		BE4D3E2328ADBABB00D8FE2B /* CTItemDetailView.swift in Sources */ = {isa = PBXBuildFile; fileRef = BE4D3E2228ADBABB00D8FE2B /* CTItemDetailView.swift */; };
		BE4D3E2528AEC9D900D8FE2B /* CTArchiveViewController.swift in Sources */ = {isa = PBXBuildFile; fileRef = BE4D3E2428AEC9D900D8FE2B /* CTArchiveViewController.swift */; };
		BE4D3E2C28AEE83600D8FE2B /* CTCalendarViewController.swift in Sources */ = {isa = PBXBuildFile; fileRef = BE4D3E2B28AEE83600D8FE2B /* CTCalendarViewController.swift */; };
		BE4D3E3628B0137D00D8FE2B /* CTArchiveItemCell.swift in Sources */ = {isa = PBXBuildFile; fileRef = BE4D3E3528B0137D00D8FE2B /* CTArchiveItemCell.swift */; };
		BE4D3E3928B08B0500D8FE2B /* UIFont+Ext.swift in Sources */ = {isa = PBXBuildFile; fileRef = BE4D3E3828B08B0500D8FE2B /* UIFont+Ext.swift */; };
		BE4D3E3B28B0A9D300D8FE2B /* DownloadService.swift in Sources */ = {isa = PBXBuildFile; fileRef = BE4D3E3A28B0A9D300D8FE2B /* DownloadService.swift */; };
		BE82CB3028AD970400D89A73 /* mockdata.json in Resources */ = {isa = PBXBuildFile; fileRef = BE82CB2F28AD970400D89A73 /* mockdata.json */; };
		BE95D7DB28AD5CE7004E9FA6 /* AppDelegate.swift in Sources */ = {isa = PBXBuildFile; fileRef = BE95D7DA28AD5CE7004E9FA6 /* AppDelegate.swift */; };
		BE95D7DD28AD5CE7004E9FA6 /* SceneDelegate.swift in Sources */ = {isa = PBXBuildFile; fileRef = BE95D7DC28AD5CE7004E9FA6 /* SceneDelegate.swift */; };
		BE95D7E428AD5CE7004E9FA6 /* Assets.xcassets in Resources */ = {isa = PBXBuildFile; fileRef = BE95D7E328AD5CE7004E9FA6 /* Assets.xcassets */; };
		BE95D7E728AD5CE7004E9FA6 /* LaunchScreen.storyboard in Resources */ = {isa = PBXBuildFile; fileRef = BE95D7E528AD5CE7004E9FA6 /* LaunchScreen.storyboard */; };
		BE95D7F028AD5D51004E9FA6 /* CTMainTabVC.swift in Sources */ = {isa = PBXBuildFile; fileRef = BE95D7EF28AD5D51004E9FA6 /* CTMainTabVC.swift */; };
		BE95D7F328AD5DC4004E9FA6 /* CTItemsViewController.swift in Sources */ = {isa = PBXBuildFile; fileRef = BE95D7F228AD5DC4004E9FA6 /* CTItemsViewController.swift */; };
		BE95D7F828AD5DD8004E9FA6 /* Item.swift in Sources */ = {isa = PBXBuildFile; fileRef = BE95D7F728AD5DD8004E9FA6 /* Item.swift */; };
		BE95D7FB28AD6201004E9FA6 /* CTItemCell.swift in Sources */ = {isa = PBXBuildFile; fileRef = BE95D7FA28AD6201004E9FA6 /* CTItemCell.swift */; };
		BE95D7FD28AD6645004E9FA6 /* ImageService.swift in Sources */ = {isa = PBXBuildFile; fileRef = BE95D7FC28AD6645004E9FA6 /* ImageService.swift */; };
		BE95D7FF28AD6E6A004E9FA6 /* ImageStore.swift in Sources */ = {isa = PBXBuildFile; fileRef = BE95D7FE28AD6E6A004E9FA6 /* ImageStore.swift */; };
/* End PBXBuildFile section */

/* Begin PBXFileReference section */
		BE4D3E2028AD9A7800D8FE2B /* ApodService.swift */ = {isa = PBXFileReference; lastKnownFileType = sourcecode.swift; path = ApodService.swift; sourceTree = "<group>"; };
		BE4D3E2228ADBABB00D8FE2B /* CTItemDetailView.swift */ = {isa = PBXFileReference; lastKnownFileType = sourcecode.swift; path = CTItemDetailView.swift; sourceTree = "<group>"; };
		BE4D3E2428AEC9D900D8FE2B /* CTArchiveViewController.swift */ = {isa = PBXFileReference; lastKnownFileType = sourcecode.swift; path = CTArchiveViewController.swift; sourceTree = "<group>"; };
		BE4D3E2B28AEE83600D8FE2B /* CTCalendarViewController.swift */ = {isa = PBXFileReference; lastKnownFileType = sourcecode.swift; path = CTCalendarViewController.swift; sourceTree = "<group>"; };
		BE4D3E3528B0137D00D8FE2B /* CTArchiveItemCell.swift */ = {isa = PBXFileReference; lastKnownFileType = sourcecode.swift; path = CTArchiveItemCell.swift; sourceTree = "<group>"; };
		BE4D3E3828B08B0500D8FE2B /* UIFont+Ext.swift */ = {isa = PBXFileReference; lastKnownFileType = sourcecode.swift; path = "UIFont+Ext.swift"; sourceTree = "<group>"; };
		BE4D3E3A28B0A9D300D8FE2B /* DownloadService.swift */ = {isa = PBXFileReference; lastKnownFileType = sourcecode.swift; path = DownloadService.swift; sourceTree = "<group>"; };
		BE82CB2F28AD970400D89A73 /* mockdata.json */ = {isa = PBXFileReference; fileEncoding = 4; lastKnownFileType = text.json; path = mockdata.json; sourceTree = "<group>"; };
		BE95D7D728AD5CE7004E9FA6 /* Cosmonaut.app */ = {isa = PBXFileReference; explicitFileType = wrapper.application; includeInIndex = 0; path = Cosmonaut.app; sourceTree = BUILT_PRODUCTS_DIR; };
		BE95D7DA28AD5CE7004E9FA6 /* AppDelegate.swift */ = {isa = PBXFileReference; lastKnownFileType = sourcecode.swift; path = AppDelegate.swift; sourceTree = "<group>"; };
		BE95D7DC28AD5CE7004E9FA6 /* SceneDelegate.swift */ = {isa = PBXFileReference; lastKnownFileType = sourcecode.swift; path = SceneDelegate.swift; sourceTree = "<group>"; };
		BE95D7E328AD5CE7004E9FA6 /* Assets.xcassets */ = {isa = PBXFileReference; lastKnownFileType = folder.assetcatalog; path = Assets.xcassets; sourceTree = "<group>"; };
		BE95D7E628AD5CE7004E9FA6 /* Base */ = {isa = PBXFileReference; lastKnownFileType = file.storyboard; name = Base; path = Base.lproj/LaunchScreen.storyboard; sourceTree = "<group>"; };
		BE95D7E828AD5CE7004E9FA6 /* Info.plist */ = {isa = PBXFileReference; lastKnownFileType = text.plist.xml; path = Info.plist; sourceTree = "<group>"; };
		BE95D7EF28AD5D51004E9FA6 /* CTMainTabVC.swift */ = {isa = PBXFileReference; lastKnownFileType = sourcecode.swift; path = CTMainTabVC.swift; sourceTree = "<group>"; };
		BE95D7F228AD5DC4004E9FA6 /* CTItemsViewController.swift */ = {isa = PBXFileReference; lastKnownFileType = sourcecode.swift; path = CTItemsViewController.swift; sourceTree = "<group>"; };
		BE95D7F728AD5DD8004E9FA6 /* Item.swift */ = {isa = PBXFileReference; fileEncoding = 4; lastKnownFileType = sourcecode.swift; path = Item.swift; sourceTree = "<group>"; };
		BE95D7FA28AD6201004E9FA6 /* CTItemCell.swift */ = {isa = PBXFileReference; lastKnownFileType = sourcecode.swift; path = CTItemCell.swift; sourceTree = "<group>"; };
		BE95D7FC28AD6645004E9FA6 /* ImageService.swift */ = {isa = PBXFileReference; lastKnownFileType = sourcecode.swift; path = ImageService.swift; sourceTree = "<group>"; };
		BE95D7FE28AD6E6A004E9FA6 /* ImageStore.swift */ = {isa = PBXFileReference; lastKnownFileType = sourcecode.swift; path = ImageStore.swift; sourceTree = "<group>"; };
/* End PBXFileReference section */

/* Begin PBXFrameworksBuildPhase section */
		BE95D7D428AD5CE7004E9FA6 /* Frameworks */ = {
			isa = PBXFrameworksBuildPhase;
			buildActionMask = 2147483647;
			files = (
			);
			runOnlyForDeploymentPostprocessing = 0;
		};
/* End PBXFrameworksBuildPhase section */

/* Begin PBXGroup section */
		BE4D3E3728B08AF100D8FE2B /* Extensions */ = {
			isa = PBXGroup;
			children = (
				BE4D3E3828B08B0500D8FE2B /* UIFont+Ext.swift */,
			);
			name = Extensions;
			sourceTree = "<group>";
		};
		BE82CB2C28AD95ED00D89A73 /* Services */ = {
			isa = PBXGroup;
			children = (
				BE95D7FC28AD6645004E9FA6 /* ImageService.swift */,
				BE95D7FE28AD6E6A004E9FA6 /* ImageStore.swift */,
				BE4D3E2028AD9A7800D8FE2B /* ApodService.swift */,
				BE4D3E3A28B0A9D300D8FE2B /* DownloadService.swift */,
			);
			name = Services;
			sourceTree = "<group>";
		};
		BE82CB2D28AD960F00D89A73 /* App */ = {
			isa = PBXGroup;
			children = (
				BE95D7DA28AD5CE7004E9FA6 /* AppDelegate.swift */,
				BE95D7DC28AD5CE7004E9FA6 /* SceneDelegate.swift */,
			);
			name = App;
			sourceTree = "<group>";
		};
		BE95D7CE28AD5CE7004E9FA6 = {
			isa = PBXGroup;
			children = (
				BE95D7D928AD5CE7004E9FA6 /* Cosmonaut */,
				BE95D7D828AD5CE7004E9FA6 /* Products */,
			);
			sourceTree = "<group>";
		};
		BE95D7D828AD5CE7004E9FA6 /* Products */ = {
			isa = PBXGroup;
			children = (
				BE95D7D728AD5CE7004E9FA6 /* Cosmonaut.app */,
			);
			name = Products;
			sourceTree = "<group>";
		};
		BE95D7D928AD5CE7004E9FA6 /* Cosmonaut */ = {
			isa = PBXGroup;
			children = (
				BE4D3E3728B08AF100D8FE2B /* Extensions */,
				BE82CB2F28AD970400D89A73 /* mockdata.json */,
				BE82CB2D28AD960F00D89A73 /* App */,
				BE95D7F128AD5DA5004E9FA6 /* Controllers */,
				BE95D7F428AD5DC8004E9FA6 /* Data */,
				BE82CB2C28AD95ED00D89A73 /* Services */,
				BE95D7EE28AD5D00004E9FA6 /* Support */,
				BE95D7F928AD61EB004E9FA6 /* Views */,
			);
			path = Cosmonaut;
			sourceTree = "<group>";
		};
		BE95D7EE28AD5D00004E9FA6 /* Support */ = {
			isa = PBXGroup;
			children = (
				BE95D7E328AD5CE7004E9FA6 /* Assets.xcassets */,
				BE95D7E528AD5CE7004E9FA6 /* LaunchScreen.storyboard */,
				BE95D7E828AD5CE7004E9FA6 /* Info.plist */,
			);
			name = Support;
			sourceTree = "<group>";
		};
		BE95D7F128AD5DA5004E9FA6 /* Controllers */ = {
			isa = PBXGroup;
			children = (
				BE95D7EF28AD5D51004E9FA6 /* CTMainTabVC.swift */,
				BE95D7F228AD5DC4004E9FA6 /* CTItemsViewController.swift */,
				BE4D3E2228ADBABB00D8FE2B /* CTItemDetailView.swift */,
				BE4D3E2428AEC9D900D8FE2B /* CTArchiveViewController.swift */,
				BE4D3E2B28AEE83600D8FE2B /* CTCalendarViewController.swift */,
			);
			name = Controllers;
			sourceTree = "<group>";
		};
		BE95D7F428AD5DC8004E9FA6 /* Data */ = {
			isa = PBXGroup;
			children = (
				BE95D7F728AD5DD8004E9FA6 /* Item.swift */,
			);
			name = Data;
			sourceTree = "<group>";
		};
		BE95D7F928AD61EB004E9FA6 /* Views */ = {
			isa = PBXGroup;
			children = (
				BE95D7FA28AD6201004E9FA6 /* CTItemCell.swift */,
				BE4D3E3528B0137D00D8FE2B /* CTArchiveItemCell.swift */,
			);
			name = Views;
			sourceTree = "<group>";
		};
/* End PBXGroup section */

/* Begin PBXNativeTarget section */
		BE95D7D628AD5CE7004E9FA6 /* Cosmonaut */ = {
			isa = PBXNativeTarget;
			buildConfigurationList = BE95D7EB28AD5CE7004E9FA6 /* Build configuration list for PBXNativeTarget "Cosmonaut" */;
			buildPhases = (
				BE95D7D328AD5CE7004E9FA6 /* Sources */,
				BE95D7D428AD5CE7004E9FA6 /* Frameworks */,
				BE95D7D528AD5CE7004E9FA6 /* Resources */,
			);
			buildRules = (
			);
			dependencies = (
			);
			name = Cosmonaut;
			packageProductDependencies = (
			);
			productName = Cosmonaut;
			productReference = BE95D7D728AD5CE7004E9FA6 /* Cosmonaut.app */;
			productType = "com.apple.product-type.application";
		};
/* End PBXNativeTarget section */

/* Begin PBXProject section */
		BE95D7CF28AD5CE7004E9FA6 /* Project object */ = {
			isa = PBXProject;
			attributes = {
				BuildIndependentTargetsInParallel = 1;
				LastSwiftUpdateCheck = 1340;
				LastUpgradeCheck = 1340;
				TargetAttributes = {
					BE95D7D628AD5CE7004E9FA6 = {
						CreatedOnToolsVersion = 13.4.1;
					};
				};
			};
			buildConfigurationList = BE95D7D228AD5CE7004E9FA6 /* Build configuration list for PBXProject "Cosmonaut" */;
			compatibilityVersion = "Xcode 13.0";
			developmentRegion = en;
			hasScannedForEncodings = 0;
			knownRegions = (
				en,
				Base,
			);
			mainGroup = BE95D7CE28AD5CE7004E9FA6;
			packageReferences = (
			);
			productRefGroup = BE95D7D828AD5CE7004E9FA6 /* Products */;
			projectDirPath = "";
			projectRoot = "";
			targets = (
				BE95D7D628AD5CE7004E9FA6 /* Cosmonaut */,
			);
		};
/* End PBXProject section */

/* Begin PBXResourcesBuildPhase section */
		BE95D7D528AD5CE7004E9FA6 /* Resources */ = {
			isa = PBXResourcesBuildPhase;
			buildActionMask = 2147483647;
			files = (
				BE82CB3028AD970400D89A73 /* mockdata.json in Resources */,
				BE95D7E728AD5CE7004E9FA6 /* LaunchScreen.storyboard in Resources */,
				BE95D7E428AD5CE7004E9FA6 /* Assets.xcassets in Resources */,
			);
			runOnlyForDeploymentPostprocessing = 0;
		};
/* End PBXResourcesBuildPhase section */

/* Begin PBXSourcesBuildPhase section */
		BE95D7D328AD5CE7004E9FA6 /* Sources */ = {
			isa = PBXSourcesBuildPhase;
			buildActionMask = 2147483647;
			files = (
				BE95D7F828AD5DD8004E9FA6 /* Item.swift in Sources */,
				BE4D3E2C28AEE83600D8FE2B /* CTCalendarViewController.swift in Sources */,
				BE95D7F028AD5D51004E9FA6 /* CTMainTabVC.swift in Sources */,
				BE4D3E3628B0137D00D8FE2B /* CTArchiveItemCell.swift in Sources */,
				BE95D7DB28AD5CE7004E9FA6 /* AppDelegate.swift in Sources */,
				BE95D7FF28AD6E6A004E9FA6 /* ImageStore.swift in Sources */,
				BE95D7F328AD5DC4004E9FA6 /* CTItemsViewController.swift in Sources */,
				BE4D3E2128AD9A7800D8FE2B /* ApodService.swift in Sources */,
				BE4D3E3B28B0A9D300D8FE2B /* DownloadService.swift in Sources */,
				BE4D3E3928B08B0500D8FE2B /* UIFont+Ext.swift in Sources */,
				BE95D7DD28AD5CE7004E9FA6 /* SceneDelegate.swift in Sources */,
				BE95D7FB28AD6201004E9FA6 /* CTItemCell.swift in Sources */,
				BE4D3E2528AEC9D900D8FE2B /* CTArchiveViewController.swift in Sources */,
				BE95D7FD28AD6645004E9FA6 /* ImageService.swift in Sources */,
				BE4D3E2328ADBABB00D8FE2B /* CTItemDetailView.swift in Sources */,
			);
			runOnlyForDeploymentPostprocessing = 0;
		};
/* End PBXSourcesBuildPhase section */

/* Begin PBXVariantGroup section */
		BE95D7E528AD5CE7004E9FA6 /* LaunchScreen.storyboard */ = {
			isa = PBXVariantGroup;
			children = (
				BE95D7E628AD5CE7004E9FA6 /* Base */,
			);
			name = LaunchScreen.storyboard;
			sourceTree = "<group>";
		};
/* End PBXVariantGroup section */

/* Begin XCBuildConfiguration section */
		BE95D7E928AD5CE7004E9FA6 /* Debug */ = {
			isa = XCBuildConfiguration;
			buildSettings = {
				ALWAYS_SEARCH_USER_PATHS = NO;
				CLANG_ANALYZER_NONNULL = YES;
				CLANG_ANALYZER_NUMBER_OBJECT_CONVERSION = YES_AGGRESSIVE;
				CLANG_CXX_LANGUAGE_STANDARD = "gnu++17";
				CLANG_ENABLE_MODULES = YES;
				CLANG_ENABLE_OBJC_ARC = YES;
				CLANG_ENABLE_OBJC_WEAK = YES;
				CLANG_WARN_BLOCK_CAPTURE_AUTORELEASING = YES;
				CLANG_WARN_BOOL_CONVERSION = YES;
				CLANG_WARN_COMMA = YES;
				CLANG_WARN_CONSTANT_CONVERSION = YES;
				CLANG_WARN_DEPRECATED_OBJC_IMPLEMENTATIONS = YES;
				CLANG_WARN_DIRECT_OBJC_ISA_USAGE = YES_ERROR;
				CLANG_WARN_DOCUMENTATION_COMMENTS = YES;
				CLANG_WARN_EMPTY_BODY = YES;
				CLANG_WARN_ENUM_CONVERSION = YES;
				CLANG_WARN_INFINITE_RECURSION = YES;
				CLANG_WARN_INT_CONVERSION = YES;
				CLANG_WARN_NON_LITERAL_NULL_CONVERSION = YES;
				CLANG_WARN_OBJC_IMPLICIT_RETAIN_SELF = YES;
				CLANG_WARN_OBJC_LITERAL_CONVERSION = YES;
				CLANG_WARN_OBJC_ROOT_CLASS = YES_ERROR;
				CLANG_WARN_QUOTED_INCLUDE_IN_FRAMEWORK_HEADER = YES;
				CLANG_WARN_RANGE_LOOP_ANALYSIS = YES;
				CLANG_WARN_STRICT_PROTOTYPES = YES;
				CLANG_WARN_SUSPICIOUS_MOVE = YES;
				CLANG_WARN_UNGUARDED_AVAILABILITY = YES_AGGRESSIVE;
				CLANG_WARN_UNREACHABLE_CODE = YES;
				CLANG_WARN__DUPLICATE_METHOD_MATCH = YES;
				COPY_PHASE_STRIP = NO;
				DEBUG_INFORMATION_FORMAT = dwarf;
				ENABLE_STRICT_OBJC_MSGSEND = YES;
				ENABLE_TESTABILITY = YES;
				GCC_C_LANGUAGE_STANDARD = gnu11;
				GCC_DYNAMIC_NO_PIC = NO;
				GCC_NO_COMMON_BLOCKS = YES;
				GCC_OPTIMIZATION_LEVEL = 0;
				GCC_PREPROCESSOR_DEFINITIONS = (
					"DEBUG=1",
					"$(inherited)",
				);
				GCC_WARN_64_TO_32_BIT_CONVERSION = YES;
				GCC_WARN_ABOUT_RETURN_TYPE = YES_ERROR;
				GCC_WARN_UNDECLARED_SELECTOR = YES;
				GCC_WARN_UNINITIALIZED_AUTOS = YES_AGGRESSIVE;
				GCC_WARN_UNUSED_FUNCTION = YES;
				GCC_WARN_UNUSED_VARIABLE = YES;
				IPHONEOS_DEPLOYMENT_TARGET = 15.5;
				MTL_ENABLE_DEBUG_INFO = INCLUDE_SOURCE;
				MTL_FAST_MATH = YES;
				ONLY_ACTIVE_ARCH = YES;
				SDKROOT = iphoneos;
				SWIFT_ACTIVE_COMPILATION_CONDITIONS = DEBUG;
				SWIFT_OPTIMIZATION_LEVEL = "-Onone";
			};
			name = Debug;
		};
		BE95D7EA28AD5CE7004E9FA6 /* Release */ = {
			isa = XCBuildConfiguration;
			buildSettings = {
				ALWAYS_SEARCH_USER_PATHS = NO;
				CLANG_ANALYZER_NONNULL = YES;
				CLANG_ANALYZER_NUMBER_OBJECT_CONVERSION = YES_AGGRESSIVE;
				CLANG_CXX_LANGUAGE_STANDARD = "gnu++17";
				CLANG_ENABLE_MODULES = YES;
				CLANG_ENABLE_OBJC_ARC = YES;
				CLANG_ENABLE_OBJC_WEAK = YES;
				CLANG_WARN_BLOCK_CAPTURE_AUTORELEASING = YES;
				CLANG_WARN_BOOL_CONVERSION = YES;
				CLANG_WARN_COMMA = YES;
				CLANG_WARN_CONSTANT_CONVERSION = YES;
				CLANG_WARN_DEPRECATED_OBJC_IMPLEMENTATIONS = YES;
				CLANG_WARN_DIRECT_OBJC_ISA_USAGE = YES_ERROR;
				CLANG_WARN_DOCUMENTATION_COMMENTS = YES;
				CLANG_WARN_EMPTY_BODY = YES;
				CLANG_WARN_ENUM_CONVERSION = YES;
				CLANG_WARN_INFINITE_RECURSION = YES;
				CLANG_WARN_INT_CONVERSION = YES;
				CLANG_WARN_NON_LITERAL_NULL_CONVERSION = YES;
				CLANG_WARN_OBJC_IMPLICIT_RETAIN_SELF = YES;
				CLANG_WARN_OBJC_LITERAL_CONVERSION = YES;
				CLANG_WARN_OBJC_ROOT_CLASS = YES_ERROR;
				CLANG_WARN_QUOTED_INCLUDE_IN_FRAMEWORK_HEADER = YES;
				CLANG_WARN_RANGE_LOOP_ANALYSIS = YES;
				CLANG_WARN_STRICT_PROTOTYPES = YES;
				CLANG_WARN_SUSPICIOUS_MOVE = YES;
				CLANG_WARN_UNGUARDED_AVAILABILITY = YES_AGGRESSIVE;
				CLANG_WARN_UNREACHABLE_CODE = YES;
				CLANG_WARN__DUPLICATE_METHOD_MATCH = YES;
				COPY_PHASE_STRIP = NO;
				DEBUG_INFORMATION_FORMAT = "dwarf-with-dsym";
				ENABLE_NS_ASSERTIONS = NO;
				ENABLE_STRICT_OBJC_MSGSEND = YES;
				GCC_C_LANGUAGE_STANDARD = gnu11;
				GCC_NO_COMMON_BLOCKS = YES;
				GCC_WARN_64_TO_32_BIT_CONVERSION = YES;
				GCC_WARN_ABOUT_RETURN_TYPE = YES_ERROR;
				GCC_WARN_UNDECLARED_SELECTOR = YES;
				GCC_WARN_UNINITIALIZED_AUTOS = YES_AGGRESSIVE;
				GCC_WARN_UNUSED_FUNCTION = YES;
				GCC_WARN_UNUSED_VARIABLE = YES;
				IPHONEOS_DEPLOYMENT_TARGET = 15.5;
				MTL_ENABLE_DEBUG_INFO = NO;
				MTL_FAST_MATH = YES;
				SDKROOT = iphoneos;
				SWIFT_COMPILATION_MODE = wholemodule;
				SWIFT_OPTIMIZATION_LEVEL = "-O";
				VALIDATE_PRODUCT = YES;
			};
			name = Release;
		};
		BE95D7EC28AD5CE7004E9FA6 /* Debug */ = {
			isa = XCBuildConfiguration;
			buildSettings = {
				ASSETCATALOG_COMPILER_APPICON_NAME = AppIcon;
				ASSETCATALOG_COMPILER_GLOBAL_ACCENT_COLOR_NAME = AccentColor;
				CODE_SIGN_STYLE = Automatic;
				CURRENT_PROJECT_VERSION = 1;
				DEVELOPMENT_TEAM = 7QBR6L4T36;
				GENERATE_INFOPLIST_FILE = YES;
				INFOPLIST_FILE = Cosmonaut/Info.plist;
				INFOPLIST_KEY_UIApplicationSupportsIndirectInputEvents = YES;
				INFOPLIST_KEY_UILaunchStoryboardName = LaunchScreen;
				INFOPLIST_KEY_UISupportedInterfaceOrientations_iPad = "UIInterfaceOrientationPortrait UIInterfaceOrientationPortraitUpsideDown UIInterfaceOrientationLandscapeLeft UIInterfaceOrientationLandscapeRight";
				INFOPLIST_KEY_UISupportedInterfaceOrientations_iPhone = "UIInterfaceOrientationPortrait UIInterfaceOrientationLandscapeLeft UIInterfaceOrientationLandscapeRight";
				LD_RUNPATH_SEARCH_PATHS = (
					"$(inherited)",
					"@executable_path/Frameworks",
				);
				MARKETING_VERSION = 1.0;
				PRODUCT_BUNDLE_IDENTIFIER = com.jmanuelzaragoza.Cosmonaut;
				PRODUCT_NAME = "$(TARGET_NAME)";
				SWIFT_EMIT_LOC_STRINGS = YES;
				SWIFT_VERSION = 5.0;
				TARGETED_DEVICE_FAMILY = "1,2";
			};
			name = Debug;
		};
		BE95D7ED28AD5CE7004E9FA6 /* Release */ = {
			isa = XCBuildConfiguration;
			buildSettings = {
				ASSETCATALOG_COMPILER_APPICON_NAME = AppIcon;
				ASSETCATALOG_COMPILER_GLOBAL_ACCENT_COLOR_NAME = AccentColor;
				CODE_SIGN_STYLE = Automatic;
				CURRENT_PROJECT_VERSION = 1;
				DEVELOPMENT_TEAM = 7QBR6L4T36;
				GENERATE_INFOPLIST_FILE = YES;
				INFOPLIST_FILE = Cosmonaut/Info.plist;
				INFOPLIST_KEY_UIApplicationSupportsIndirectInputEvents = YES;
				INFOPLIST_KEY_UILaunchStoryboardName = LaunchScreen;
				INFOPLIST_KEY_UISupportedInterfaceOrientations_iPad = "UIInterfaceOrientationPortrait UIInterfaceOrientationPortraitUpsideDown UIInterfaceOrientationLandscapeLeft UIInterfaceOrientationLandscapeRight";
				INFOPLIST_KEY_UISupportedInterfaceOrientations_iPhone = "UIInterfaceOrientationPortrait UIInterfaceOrientationLandscapeLeft UIInterfaceOrientationLandscapeRight";
				LD_RUNPATH_SEARCH_PATHS = (
					"$(inherited)",
					"@executable_path/Frameworks",
				);
				MARKETING_VERSION = 1.0;
				PRODUCT_BUNDLE_IDENTIFIER = com.jmanuelzaragoza.Cosmonaut;
				PRODUCT_NAME = "$(TARGET_NAME)";
				SWIFT_EMIT_LOC_STRINGS = YES;
				SWIFT_VERSION = 5.0;
				TARGETED_DEVICE_FAMILY = "1,2";
			};
			name = Release;
		};
/* End XCBuildConfiguration section */

/* Begin XCConfigurationList section */
		BE95D7D228AD5CE7004E9FA6 /* Build configuration list for PBXProject "Cosmonaut" */ = {
			isa = XCConfigurationList;
			buildConfigurations = (
				BE95D7E928AD5CE7004E9FA6 /* Debug */,
				BE95D7EA28AD5CE7004E9FA6 /* Release */,
			);
			defaultConfigurationIsVisible = 0;
			defaultConfigurationName = Release;
		};
		BE95D7EB28AD5CE7004E9FA6 /* Build configuration list for PBXNativeTarget "Cosmonaut" */ = {
			isa = XCConfigurationList;
			buildConfigurations = (
				BE95D7EC28AD5CE7004E9FA6 /* Debug */,
				BE95D7ED28AD5CE7004E9FA6 /* Release */,
			);
			defaultConfigurationIsVisible = 0;
			defaultConfigurationName = Release;
		};
/* End XCConfigurationList section */
	};
	rootObject = BE95D7CF28AD5CE7004E9FA6 /* Project object */;
}
